{
  "pins" : [
    {
      "identity" : "html2text-swift",
      "kind" : "remoteSourceControl",
      "location" : "https://github.com/ttscoff/html2text-swift.git",
      "state" : {
        "branch" : "master",
        "revision" : "947f07f9a11a3439a8534ba9b604cfbd22c1b2be"
      }
    },
    {
      "identity" : "read-swift",
      "kind" : "remoteSourceControl",
      "location" : "https://github.com/ttscoff/read-swift.git",
      "state" : {
        "branch" : "master",
        "revision" : "871762998069a20be1fc5bebba45e43769bae2a6"
      }
    },
    {
      "identity" : "swift-argument-parser",
      "kind" : "remoteSourceControl",
      "location" : "https://github.com/apple/swift-argument-parser",
      "state" : {
        "revision" : "9f39744e025c7d377987f30b03770805dcb0bcd1",
        "version" : "1.1.4"
      }
    },
    {
      "identity" : "swiftsoup",
      "kind" : "remoteSourceControl",
      "location" : "https://github.com/ttscoff/SwiftSoup.git",
      "state" : {
        "revision" : "6778575285177365cbad3e5b8a72f2a20583cfec",
        "version" : "2.4.3"
      }
    }
  ],
  "version" : 2
}
